// !$*UTF8*$!
{
	archiveVersion = 1;
	classes = {
	};
	objectVersion = 56;
	objects = {

/* Begin PBXContainerItemProxy section */
		3F2A4B2A302492FE00745D72 /* PBXContainerItemProxy */ = {
			isa = PBXContainerItemProxy;
			containerPortal = 3F2A4B12302492FD00745D72 /* Project object */;
			proxyType = 1;
			remoteGlobalIDString = 3F2A4B19302492FD00745D72;
			remoteInfo = C2V;
		};
		3F2A4B34302492FE00745D72 /* PBXContainerItemProxy */ = {
			isa = PBXContainerItemProxy;
			containerPortal = 3F2A4B12302492FD00745D72 /* Project object */;
			proxyType = 1;
			remoteGlobalIDString = 3F2A4B19302492FD00745D72;
			remoteInfo = C2V;
		};
/* End PBXContainerItemProxy section */

/* Begin PBXFileReference section */
		3F2A4B1A302492FD00745D72 /* C2V.app */ = {isa = PBXFileReference; explicitFileType = wrapper.application; includeInIndex = 0; path = C2V.app; sourceTree = BUILT_PRODUCTS_DIR; };
		3F2A4B29302492FE00745D72 /* C2VTests.xctest */ = {isa = PBXFileReference; explicitFileType = wrapper.cfbundle; includeInIndex = 0; path = C2VTests.xctest; sourceTree = BUILT_PRODUCTS_DIR; };
		3F2A4B33302492FE00745D72 /* C2VUITests.xctest */ = {isa = PBXFileReference; explicitFileType = wrapper.cfbundle; includeInIndex = 0; path = C2VUITests.xctest; sourceTree = BUILT_PRODUCTS_DIR; };
/* End PBXFileReference section */

/* Begin PBXFileSystemSynchronizedRootGroup section */
		3F2A4B1C302492FD00745D72 /* C2V */ = {
			isa = PBXFileSystemSynchronizedRootGroup;
			path = C2V;
			sourceTree = "<group>";
		};
		3F2A4B2C302492FE00745D72 /* C2VTests */ = {
			isa = PBXFileSystemSynchronizedRootGroup;
			path = C2VTests;
			sourceTree = "<group>";
		};
		3F2A4B36302492FE00745D72 /* C2VUITests */ = {
			isa = PBXFileSystemSynchronizedRootGroup;
			path = C2VUITests;
			sourceTree = "<group>";
		};
/* End PBXFileSystemSynchronizedRootGroup section */

/* Begin PBXFrameworksBuildPhase section */
		3F2A4B17302492FD00745D72 /* Frameworks */ = {
			isa = PBXFrameworksBuildPhase;
			files = (
			);
		};
		3F2A4B26302492FE00745D72 /* Frameworks */ = {
			isa = PBXFrameworksBuildPhase;
			files = (
			);
		};
		3F2A4B30302492FE00745D72 /* Frameworks */ = {
			isa = PBXFrameworksBuildPhase;
			files = (
			);
		};
/* End PBXFrameworksBuildPhase section */

/* Begin PBXGroup section */
		3F2A4B11302492FD00745D72 = {
			isa = PBXGroup;
			children = (
				3F2A4B1C302492FD00745D72 /* C2V */,
				3F2A4B2C302492FE00745D72 /* C2VTests */,
				3F2A4B36302492FE00745D72 /* C2VUITests */,
				3F2A4B1B302492FD00745D72 /* Products */,
			);
			sourceTree = "<group>";
		};
		3F2A4B1B302492FD00745D72 /* Products */ = {
			isa = PBXGroup;
			children = (
				3F2A4B1A302492FD00745D72 /* C2V.app */,
				3F2A4B29302492FE00745D72 /* C2VTests.xctest */,
				3F2A4B33302492FE00745D72 /* C2VUITests.xctest */,
			);
			name = Products;
			sourceTree = "<group>";
		};
/* End PBXGroup section */

/* Begin PBXNativeTarget section */
		3F2A4B19302492FD00745D72 /* C2V */ = {
			isa = PBXNativeTarget;
			buildConfigurationList = 3F2A4B3B302492FE00745D72 /* Build configuration list for PBXNativeTarget "C2V" */;
			buildPhases = (
				3F2A4B16302492FD00745D72 /* Sources */,
				3F2A4B17302492FD00745D72 /* Frameworks */,
				3F2A4B18302492FD00745D72 /* Resources */,
			);
			buildRules = (
			);
			fileSystemSynchronizedGroups = (
				3F2A4B1C302492FD00745D72 /* C2V */,
			);
			name = C2V;
			productName = C2V;
			productReference = 3F2A4B1A302492FD00745D72 /* C2V.app */;
			productType = "com.apple.product-type.application";
		};
		3F2A4B28302492FE00745D72 /* C2VTests */ = {
			isa = PBXNativeTarget;
			buildConfigurationList = 3F2A4B3E302492FE00745D72 /* Build configuration list for PBXNativeTarget "C2VTests" */;
			buildPhases = (
				3F2A4B25302492FE00745D72 /* Sources */,
				3F2A4B26302492FE00745D72 /* Frameworks */,
				3F2A4B27302492FE00745D72 /* Resources */,
			);
			buildRules = (
			);
			dependencies = (
				3F2A4B2B302492FE00745D72 /* PBXTargetDependency */,
			);
			fileSystemSynchronizedGroups = (
				3F2A4B2C302492FE00745D72 /* C2VTests */,
			);
			name = C2VTests;
			productName = C2VTests;
			productReference = 3F2A4B29302492FE00745D72 /* C2VTests.xctest */;
			productType = "com.apple.product-type.bundle.unit-test";
		};
		3F2A4B32302492FE00745D72 /* C2VUITests */ = {
			isa = PBXNativeTarget;
			buildConfigurationList = 3F2A4B41302492FE00745D72 /* Build configuration list for PBXNativeTarget "C2VUITests" */;
			buildPhases = (
				3F2A4B2F302492FE00745D72 /* Sources */,
				3F2A4B30302492FE00745D72 /* Frameworks */,
				3F2A4B31302492FE00745D72 /* Resources */,
			);
			buildRules = (
			);
			dependencies = (
				3F2A4B35302492FE00745D72 /* PBXTargetDependency */,
			);
			fileSystemSynchronizedGroups = (
				3F2A4B36302492FE00745D72 /* C2VUITests */,
			);
			name = C2VUITests;
			productName = C2VUITests;
			productReference = 3F2A4B33302492FE00745D72 /* C2VUITests.xctest */;
			productType = "com.apple.product-type.bundle.ui-testing";
		};
/* End PBXNativeTarget section */

/* Begin PBXProject section */
		3F2A4B12302492FD00745D72 /* Project object */ = {
			isa = PBXProject;
			attributes = {
				BuildIndependentTargetsInParallel = 1;
				LastSwiftUpdateCheck = 2700;
				LastUpgradeCheck = 2700;
				TargetAttributes = {
					3F2A4B19302492FD00745D72 = {
						CreatedOnToolsVersion = 27.0;
					};
					3F2A4B28302492FE00745D72 = {
						CreatedOnToolsVersion = 27.0;
						TestTargetID = 3F2A4B19302492FD00745D72;
					};
					3F2A4B32302492FE00745D72 = {
						CreatedOnToolsVersion = 27.0;
						TestTargetID = 3F2A4B19302492FD00745D72;
					};
				};
			};
			buildConfigurationList = 3F2A4B15302492FD00745D72 /* Build configuration list for PBXProject "C2V" */;
			developmentRegion = en;
			hasScannedForEncodings = 0;
			knownRegions = (
				en,
				Base,
				ja,
			);
			mainGroup = 3F2A4B11302492FD00745D72;
			minimizedProjectReferenceProxies = 1;
			preferredProjectObjectVersion = 56;
			productRefGroup = 3F2A4B1B302492FD00745D72 /* Products */;
			projectDirPath = "";
			projectRoot = "";
			targets = (
				3F2A4B19302492FD00745D72 /* C2V */,
				3F2A4B28302492FE00745D72 /* C2VTests */,
				3F2A4B32302492FE00745D72 /* C2VUITests */,
			);
		};
/* End PBXProject section */

/* Begin PBXResourcesBuildPhase section */
		3F2A4B18302492FD00745D72 /* Resources */ = {
			isa = PBXResourcesBuildPhase;
			files = (
			);
		};
		3F2A4B27302492FE00745D72 /* Resources */ = {
			isa = PBXResourcesBuildPhase;
			files = (
			);
		};
		3F2A4B31302492FE00745D72 /* Resources */ = {
			isa = PBXResourcesBuildPhase;
			files = (
			);
		};
/* End PBXResourcesBuildPhase section */

/* Begin PBXSourcesBuildPhase section */
		3F2A4B16302492FD00745D72 /* Sources */ = {
			isa = PBXSourcesBuildPhase;
			files = (
			);
		};
		3F2A4B25302492FE00745D72 /* Sources */ = {
			isa = PBXSourcesBuildPhase;
			files = (
			);
		};
		3F2A4B2F302492FE00745D72 /* Sources */ = {
			isa = PBXSourcesBuildPhase;
			files = (
			);
		};
/* End PBXSourcesBuildPhase section */

/* Begin PBXTargetDependency section */
		3F2A4B2B302492FE00745D72 /* PBXTargetDependency */ = {
			isa = PBXTargetDependency;
			target = 3F2A4B19302492FD00745D72 /* C2V */;
			targetProxy = 3F2A4B2A302492FE00745D72 /* PBXContainerItemProxy */;
		};
		3F2A4B35302492FE00745D72 /* PBXTargetDependency */ = {
			isa = PBXTargetDependency;
			target = 3F2A4B19302492FD00745D72 /* C2V */;
			targetProxy = 3F2A4B34302492FE00745D72 /* PBXContainerItemProxy */;
		};
/* End PBXTargetDependency section */

/* Begin XCBuildConfiguration section */
		3F2A4B39302492FE00745D72 /* Debug configuration for PBXProject "C2V" */ = {
			isa = XCBuildConfiguration;
			buildSettings = {
				ALWAYS_SEARCH_USER_PATHS = NO;
				ASSETCATALOG_COMPILER_GENERATE_SWIFT_ASSET_SYMBOL_EXTENSIONS = YES;
				CLANG_ANALYZER_NONNULL = YES;
				CLANG_ANALYZER_NUMBER_OBJECT_CONVERSION = YES_AGGRESSIVE;
				CLANG_CXX_LANGUAGE_STANDARD = "gnu++20";
				CLANG_ENABLE_MODULES = YES;
				CLANG_ENABLE_OBJC_ARC = YES;
				CLANG_ENABLE_OBJC_WEAK = YES;
				CLANG_WARN_BLOCK_CAPTURE_AUTORELEASING = YES;
				CLANG_WARN_BOOL_CONVERSION = YES;
				CLANG_WARN_COMMA = YES;
				CLANG_WARN_CONSTANT_CONVERSION = YES;
				CLANG_WARN_DEPRECATED_OBJC_IMPLEMENTATIONS = YES;
				CLANG_WARN_DIRECT_OBJC_ISA_USAGE = YES_ERROR;
				CLANG_WARN_DOCUMENTATION_COMMENTS = YES;
				CLANG_WARN_EMPTY_BODY = YES;
				CLANG_WARN_ENUM_CONVERSION = YES;
				CLANG_WARN_INFINITE_RECURSION = YES;
				CLANG_WARN_INT_CONVERSION = YES;
				CLANG_WARN_NON_LITERAL_NULL_CONVERSION = YES;
				CLANG_WARN_OBJC_IMPLICIT_RETAIN_SELF = YES;
				CLANG_WARN_OBJC_LITERAL_CONVERSION = YES;
				CLANG_WARN_OBJC_ROOT_CLASS = YES_ERROR;
				CLANG_WARN_QUOTED_INCLUDE_IN_FRAMEWORK_HEADER = YES;
				CLANG_WARN_RANGE_LOOP_ANALYSIS = YES;
				CLANG_WARN_STRICT_PROTOTYPES = YES;
				CLANG_WARN_SUSPICIOUS_MOVE = YES;
				CLANG_WARN_UNGUARDED_AVAILABILITY = YES_AGGRESSIVE;
				CLANG_WARN_UNREACHABLE_CODE = YES;
				CLANG_WARN__DUPLICATE_METHOD_MATCH = YES;
				COPY_PHASE_STRIP = NO;
				DEBUG_INFORMATION_FORMAT = dwarf;
				DEVELOPMENT_TEAM = 6W8B6G9KYD;
				ENABLE_STRICT_OBJC_MSGSEND = YES;
				ENABLE_TESTABILITY = YES;
				ENABLE_USER_SCRIPT_SANDBOXING = YES;
				GCC_C_LANGUAGE_STANDARD = gnu17;
				GCC_DYNAMIC_NO_PIC = NO;
				GCC_NO_COMMON_BLOCKS = YES;
				GCC_OPTIMIZATION_LEVEL = 0;
				GCC_PREPROCESSOR_DEFINITIONS = (
					"DEBUG=1",
					"$(inherited)",
				);
				GCC_WARN_64_TO_32_BIT_CONVERSION = YES;
				GCC_WARN_ABOUT_RETURN_TYPE = YES_ERROR;
				GCC_WARN_UNDECLARED_SELECTOR = YES;
				GCC_WARN_UNINITIALIZED_AUTOS = YES_AGGRESSIVE;
				GCC_WARN_UNUSED_FUNCTION = YES;
				GCC_WARN_UNUSED_VARIABLE = YES;
				LOCALIZATION_PREFERS_STRING_CATALOGS = YES;
				MACOSX_DEPLOYMENT_TARGET = 15.6;
				MTL_ENABLE_DEBUG_INFO = INCLUDE_SOURCE;
				MTL_FAST_MATH = YES;
				ONLY_ACTIVE_ARCH = YES;
				SDKROOT = macosx;
				SWIFT_ACTIVE_COMPILATION_CONDITIONS = "DEBUG $(inherited)";
				SWIFT_EMIT_LOC_STRINGS = YES;
				SWIFT_OPTIMIZATION_LEVEL = "-Onone";
			};
			name = Debug;
		};
		3F2A4B3A302492FE00745D72 /* Release configuration for PBXProject "C2V" */ = {
			isa = XCBuildConfiguration;
			buildSettings = {
				ALWAYS_SEARCH_USER_PATHS = NO;
				ASSETCATALOG_COMPILER_GENERATE_SWIFT_ASSET_SYMBOL_EXTENSIONS = YES;
				CLANG_ANALYZER_NONNULL = YES;
				CLANG_ANALYZER_NUMBER_OBJECT_CONVERSION = YES_AGGRESSIVE;
				CLANG_CXX_LANGUAGE_STANDARD = "gnu++20";
				CLANG_ENABLE_MODULES = YES;
				CLANG_ENABLE_OBJC_ARC = YES;
				CLANG_ENABLE_OBJC_WEAK = YES;
				CLANG_WARN_BLOCK_CAPTURE_AUTORELEASING = YES;
				CLANG_WARN_BOOL_CONVERSION = YES;
				CLANG_WARN_COMMA = YES;
				CLANG_WARN_CONSTANT_CONVERSION = YES;
				CLANG_WARN_DEPRECATED_OBJC_IMPLEMENTATIONS = YES;
				CLANG_WARN_DIRECT_OBJC_ISA_USAGE = YES_ERROR;
				CLANG_WARN_DOCUMENTATION_COMMENTS = YES;
				CLANG_WARN_EMPTY_BODY = YES;
				CLANG_WARN_ENUM_CONVERSION = YES;
				CLANG_WARN_INFINITE_RECURSION = YES;
				CLANG_WARN_INT_CONVERSION = YES;
				CLANG_WARN_NON_LITERAL_NULL_CONVERSION = YES;
				CLANG_WARN_OBJC_IMPLICIT_RETAIN_SELF = YES;
				CLANG_WARN_OBJC_LITERAL_CONVERSION = YES;
				CLANG_WARN_OBJC_ROOT_CLASS = YES_ERROR;
				CLANG_WARN_QUOTED_INCLUDE_IN_FRAMEWORK_HEADER = YES;
				CLANG_WARN_RANGE_LOOP_ANALYSIS = YES;
				CLANG_WARN_STRICT_PROTOTYPES = YES;
				CLANG_WARN_SUSPICIOUS_MOVE = YES;
				CLANG_WARN_UNGUARDED_AVAILABILITY = YES_AGGRESSIVE;
				CLANG_WARN_UNREACHABLE_CODE = YES;
				CLANG_WARN__DUPLICATE_METHOD_MATCH = YES;
				COPY_PHASE_STRIP = NO;
				DEBUG_INFORMATION_FORMAT = "dwarf-with-dsym";
				DEVELOPMENT_TEAM = 6W8B6G9KYD;
				ENABLE_NS_ASSERTIONS = NO;
				ENABLE_STRICT_OBJC_MSGSEND = YES;
				ENABLE_USER_SCRIPT_SANDBOXING = YES;
				GCC_C_LANGUAGE_STANDARD = gnu17;
				GCC_NO_COMMON_BLOCKS = YES;
				GCC_WARN_64_TO_32_BIT_CONVERSION = YES;
				GCC_WARN_ABOUT_RETURN_TYPE = YES_ERROR;
				GCC_WARN_UNDECLARED_SELECTOR = YES;
				GCC_WARN_UNINITIALIZED_AUTOS = YES_AGGRESSIVE;
				GCC_WARN_UNUSED_FUNCTION = YES;
				GCC_WARN_UNUSED_VARIABLE = YES;
				LOCALIZATION_PREFERS_STRING_CATALOGS = YES;
				MACOSX_DEPLOYMENT_TARGET = 15.6;
				MTL_ENABLE_DEBUG_INFO = NO;
				MTL_FAST_MATH = YES;
				SDKROOT = macosx;
				SWIFT_COMPILATION_MODE = wholemodule;
				SWIFT_EMIT_LOC_STRINGS = YES;
			};
			name = Release;
		};
		3F2A4B3C302492FE00745D72 /* Debug configuration for PBXNativeTarget "C2V" */ = {
			isa = XCBuildConfiguration;
			buildSettings = {
				ASSETCATALOG_COMPILER_APPICON_NAME = c2v;
				ASSETCATALOG_COMPILER_GLOBAL_ACCENT_COLOR_NAME = AccentColor;
				ASSETCATALOG_COMPILER_INCLUDE_ALL_APPICON_ASSETS = YES;
				CODE_SIGN_STYLE = Automatic;
				COMBINE_HIDPI_IMAGES = YES;
				CURRENT_PROJECT_VERSION = 1;
				DEVELOPMENT_TEAM = 6W8B6G9KYD;
				ENABLE_APP_SANDBOX = YES;
				ENABLE_HARDENED_RUNTIME = YES;
				ENABLE_PREVIEWS = YES;
				ENABLE_USER_SELECTED_FILES = readonly;
				GENERATE_INFOPLIST_FILE = YES;
				INFOPLIST_KEY_ITSAppUsesNonExemptEncryption = NO;
				INFOPLIST_KEY_LSApplicationCategoryType = "public.app-category.utilities";
				INFOPLIST_KEY_LSUIElement = YES;
				INFOPLIST_KEY_NSHumanReadableCopyright = "";
				LD_RUNPATH_SEARCH_PATHS = (
					"$(inherited)",
					"@executable_path/../Frameworks",
				);
				MACOSX_DEPLOYMENT_TARGET = 15.6;
				MARKETING_VERSION = 1.0.8;
				PRODUCT_BUNDLE_IDENTIFIER = com.kinn.C2V;
				PRODUCT_NAME = "$(TARGET_NAME)";
				REGISTER_APP_GROUPS = YES;
				STRING_CATALOG_GENERATE_SYMBOLS = YES;
				SWIFT_APPROACHABLE_CONCURRENCY = YES;
				SWIFT_DEFAULT_ACTOR_ISOLATION = MainActor;
				SWIFT_EMIT_LOC_STRINGS = YES;
				SWIFT_UPCOMING_FEATURE_MEMBER_IMPORT_VISIBILITY = YES;
				SWIFT_VERSION = 5.0;
			};
			name = Debug;
		};
		3F2A4B3D302492FE00745D72 /* Release configuration for PBXNativeTarget "C2V" */ = {
			isa = XCBuildConfiguration;
			buildSettings = {
				ASSETCATALOG_COMPILER_APPICON_NAME = c2v;
				ASSETCATALOG_COMPILER_GLOBAL_ACCENT_COLOR_NAME = AccentColor;
				ASSETCATALOG_COMPILER_INCLUDE_ALL_APPICON_ASSETS = YES;
				CODE_SIGN_STYLE = Automatic;
				COMBINE_HIDPI_IMAGES = YES;
				CURRENT_PROJECT_VERSION = 1;
				DEVELOPMENT_TEAM = 6W8B6G9KYD;
				ENABLE_APP_SANDBOX = YES;
				ENABLE_HARDENED_RUNTIME = YES;
				ENABLE_PREVIEWS = YES;
				ENABLE_USER_SELECTED_FILES = readonly;
				GENERATE_INFOPLIST_FILE = YES;
				INFOPLIST_KEY_ITSAppUsesNonExemptEncryption = NO;
				INFOPLIST_KEY_LSApplicationCategoryType = "public.app-category.utilities";
				INFOPLIST_KEY_LSUIElement = YES;
				INFOPLIST_KEY_NSHumanReadableCopyright = "";
				LD_RUNPATH_SEARCH_PATHS = (
					"$(inherited)",
					"@executable_path/../Frameworks",
				);
				MACOSX_DEPLOYMENT_TARGET = 15.6;
				MARKETING_VERSION = 1.0.8;
				PRODUCT_BUNDLE_IDENTIFIER = com.kinn.C2V;
				PRODUCT_NAME = "$(TARGET_NAME)";
				REGISTER_APP_GROUPS = YES;
				STRING_CATALOG_GENERATE_SYMBOLS = YES;
				SWIFT_APPROACHABLE_CONCURRENCY = YES;
				SWIFT_DEFAULT_ACTOR_ISOLATION = MainActor;
				SWIFT_EMIT_LOC_STRINGS = YES;
				SWIFT_UPCOMING_FEATURE_MEMBER_IMPORT_VISIBILITY = YES;
				SWIFT_VERSION = 5.0;
			};
			name = Release;
		};
		3F2A4B3F302492FE00745D72 /* Debug configuration for PBXNativeTarget "C2VTests" */ = {
			isa = XCBuildConfiguration;
			buildSettings = {
				BUNDLE_LOADER = "$(TEST_HOST)";
				CODE_SIGN_STYLE = Automatic;
				CURRENT_PROJECT_VERSION = 1;
				DEVELOPMENT_TEAM = 6W8B6G9KYD;
				GENERATE_INFOPLIST_FILE = YES;
				MACOSX_DEPLOYMENT_TARGET = 15.6;
				MARKETING_VERSION = 1.0.8;
				PRODUCT_BUNDLE_IDENTIFIER = com.kinn.C2VTests;
				PRODUCT_NAME = "$(TARGET_NAME)";
				STRING_CATALOG_GENERATE_SYMBOLS = NO;
				SWIFT_APPROACHABLE_CONCURRENCY = YES;
				SWIFT_EMIT_LOC_STRINGS = NO;
				SWIFT_UPCOMING_FEATURE_MEMBER_IMPORT_VISIBILITY = YES;
				SWIFT_VERSION = 5.0;
				TEST_HOST = "$(BUILT_PRODUCTS_DIR)/C2V.app/$(BUNDLE_EXECUTABLE_FOLDER_PATH)/C2V";
			};
			name = Debug;
		};
		3F2A4B40302492FE00745D72 /* Release configuration for PBXNativeTarget "C2VTests" */ = {
			isa = XCBuildConfiguration;
			buildSettings = {
				BUNDLE_LOADER = "$(TEST_HOST)";
				CODE_SIGN_STYLE = Automatic;
				CURRENT_PROJECT_VERSION = 1;
				DEVELOPMENT_TEAM = 6W8B6G9KYD;
				GENERATE_INFOPLIST_FILE = YES;
				MACOSX_DEPLOYMENT_TARGET = 15.6;
				MARKETING_VERSION = 1.0.8;
				PRODUCT_BUNDLE_IDENTIFIER = com.kinn.C2VTests;
				PRODUCT_NAME = "$(TARGET_NAME)";
				STRING_CATALOG_GENERATE_SYMBOLS = NO;
				SWIFT_APPROACHABLE_CONCURRENCY = YES;
				SWIFT_EMIT_LOC_STRINGS = NO;
				SWIFT_UPCOMING_FEATURE_MEMBER_IMPORT_VISIBILITY = YES;
				SWIFT_VERSION = 5.0;
				TEST_HOST = "$(BUILT_PRODUCTS_DIR)/C2V.app/$(BUNDLE_EXECUTABLE_FOLDER_PATH)/C2V";
			};
			name = Release;
		};
		3F2A4B42302492FE00745D72 /* Debug configuration for PBXNativeTarget "C2VUITests" */ = {
			isa = XCBuildConfiguration;
			buildSettings = {
				CODE_SIGN_STYLE = Automatic;
				CURRENT_PROJECT_VERSION = 1;
				DEVELOPMENT_TEAM = 6W8B6G9KYD;
				GENERATE_INFOPLIST_FILE = YES;
				MARKETING_VERSION = 1.0.8;
				PRODUCT_BUNDLE_IDENTIFIER = com.kinn.C2VUITests;
				PRODUCT_NAME = "$(TARGET_NAME)";
				STRING_CATALOG_GENERATE_SYMBOLS = NO;
				SWIFT_APPROACHABLE_CONCURRENCY = YES;
				SWIFT_EMIT_LOC_STRINGS = NO;
				SWIFT_UPCOMING_FEATURE_MEMBER_IMPORT_VISIBILITY = YES;
				SWIFT_VERSION = 5.0;
				TEST_TARGET_NAME = C2V;
			};
			name = Debug;
		};
		3F2A4B43302492FE00745D72 /* Release configuration for PBXNativeTarget "C2VUITests" */ = {
			isa = XCBuildConfiguration;
			buildSettings = {
				CODE_SIGN_STYLE = Automatic;
				CURRENT_PROJECT_VERSION = 1;
				DEVELOPMENT_TEAM = 6W8B6G9KYD;
				GENERATE_INFOPLIST_FILE = YES;
				MARKETING_VERSION = 1.0.8;
				PRODUCT_BUNDLE_IDENTIFIER = com.kinn.C2VUITests;
				PRODUCT_NAME = "$(TARGET_NAME)";
				STRING_CATALOG_GENERATE_SYMBOLS = NO;
				SWIFT_APPROACHABLE_CONCURRENCY = YES;
				SWIFT_EMIT_LOC_STRINGS = NO;
				SWIFT_UPCOMING_FEATURE_MEMBER_IMPORT_VISIBILITY = YES;
				SWIFT_VERSION = 5.0;
				TEST_TARGET_NAME = C2V;
			};
			name = Release;
		};
/* End XCBuildConfiguration section */

/* Begin XCConfigurationList section */
		3F2A4B15302492FD00745D72 /* Build configuration list for PBXProject "C2V" */ = {
			isa = XCConfigurationList;
			buildConfigurations = (
				3F2A4B39302492FE00745D72 /* Debug configuration for PBXProject "C2V" */,
				3F2A4B3A302492FE00745D72 /* Release configuration for PBXProject "C2V" */,
			);
			defaultConfigurationName = Release;
		};
		3F2A4B3B302492FE00745D72 /* Build configuration list for PBXNativeTarget "C2V" */ = {
			isa = XCConfigurationList;
			buildConfigurations = (
				3F2A4B3C302492FE00745D72 /* Debug configuration for PBXNativeTarget "C2V" */,
				3F2A4B3D302492FE00745D72 /* Release configuration for PBXNativeTarget "C2V" */,
			);
			defaultConfigurationName = Release;
		};
		3F2A4B3E302492FE00745D72 /* Build configuration list for PBXNativeTarget "C2VTests" */ = {
			isa = XCConfigurationList;
			buildConfigurations = (
				3F2A4B3F302492FE00745D72 /* Debug configuration for PBXNativeTarget "C2VTests" */,
				3F2A4B40302492FE00745D72 /* Release configuration for PBXNativeTarget "C2VTests" */,
			);
			defaultConfigurationName = Release;
		};
		3F2A4B41302492FE00745D72 /* Build configuration list for PBXNativeTarget "C2VUITests" */ = {
			isa = XCConfigurationList;
			buildConfigurations = (
				3F2A4B42302492FE00745D72 /* Debug configuration for PBXNativeTarget "C2VUITests" */,
				3F2A4B43302492FE00745D72 /* Release configuration for PBXNativeTarget "C2VUITests" */,
			);
			defaultConfigurationName = Release;
		};
/* End XCConfigurationList section */
	};
	rootObject = 3F2A4B12302492FD00745D72 /* Project object */;
	validationLevel = 1;
}
